
Microsoft Visual Studio Solution File, Format Version 12.00
# Visual Studio 15
VisualStudioVersion = 15.0.27428.2037
MinimumVisualStudioVersion = 10.0.40219.1
Project("{E53339B2-1760-4266-BCC7-CA923CBCF16C}") = "docker-compose", "src\docker-compose.dcproj", "{FC431BC5-B1FE-4E47-9A43-7C276C8020D7}"
EndProject
Project("{9A19103F-16F7-4668-BE54-9A1E7A4F7556}") = "WorkoutTracker", "src\WorkoutTracker.csproj", "{05319329-0A4B-48C0-97E5-1B26398D4196}"
EndProject
Project("{2150E333-8FDC-42A3-9474-1A3956D46DE8}") = "tests", "tests", "{D2E02526-ECE6-4434-A02A-CBC24E876F1F}"
EndProject
Project("{FAE04EC0-301F-11D3-BF4B-00C04F79EFBC}") = "WorkoutTracker.Test", "tests\WorkoutTracker.Test\WorkoutTracker.Test.csproj", "{0D5C6FFF-E46E-4233-9104-0CDCEFAD1485}"
EndProject
Global
	GlobalSection(SolutionConfigurationPlatforms) = preSolution
		Debug|Any CPU = Debug|Any CPU
		Release|Any CPU = Release|Any CPU
	EndGlobalSection
	GlobalSection(ProjectConfigurationPlatforms) = postSolution
		{FC431BC5-B1FE-4E47-9A43-7C276C8020D7}.Debug|Any CPU.ActiveCfg = Debug|Any CPU
		{FC431BC5-B1FE-4E47-9A43-7C276C8020D7}.Debug|Any CPU.Build.0 = Debug|Any CPU
		{FC431BC5-B1FE-4E47-9A43-7C276C8020D7}.Release|Any CPU.ActiveCfg = Release|Any CPU
		{FC431BC5-B1FE-4E47-9A43-7C276C8020D7}.Release|Any CPU.Build.0 = Release|Any CPU
		{05319329-0A4B-48C0-97E5-1B26398D4196}.Debug|Any CPU.ActiveCfg = Debug|Any CPU
		{05319329-0A4B-48C0-97E5-1B26398D4196}.Debug|Any CPU.Build.0 = Debug|Any CPU
		{05319329-0A4B-48C0-97E5-1B26398D4196}.Release|Any CPU.ActiveCfg = Release|Any CPU
		{05319329-0A4B-48C0-97E5-1B26398D4196}.Release|Any CPU.Build.0 = Release|Any CPU
		{0D5C6FFF-E46E-4233-9104-0CDCEFAD1485}.Debug|Any CPU.ActiveCfg = Debug|Any CPU
		{0D5C6FFF-E46E-4233-9104-0CDCEFAD1485}.Debug|Any CPU.Build.0 = Debug|Any CPU
		{0D5C6FFF-E46E-4233-9104-0CDCEFAD1485}.Release|Any CPU.ActiveCfg = Release|Any CPU
		{0D5C6FFF-E46E-4233-9104-0CDCEFAD1485}.Release|Any CPU.Build.0 = Release|Any CPU
	EndGlobalSection
	GlobalSection(SolutionProperties) = preSolution
		HideSolutionNode = FALSE
	EndGlobalSection
	GlobalSection(NestedProjects) = preSolution
		{0D5C6FFF-E46E-4233-9104-0CDCEFAD1485} = {D2E02526-ECE6-4434-A02A-CBC24E876F1F}
	EndGlobalSection
	GlobalSection(ExtensibilityGlobals) = postSolution
		SolutionGuid = {9CEC6E75-ED04-4555-90BC-DE417696EB81}
	EndGlobalSection
EndGlobal
